// !$*UTF8*$!
{
	archiveVersion = 1;
	classes = {
	};
	objectVersion = 56;
	objects = {

/* Begin PBXBuildFile section */
		A1026DAA29DD903A0017D9EE /* PhotoFullViewController.swift in Sources */ = {isa = PBXBuildFile; fileRef = A1026DA929DD903A0017D9EE /* PhotoFullViewController.swift */; };
		A120E93929CB3BE700A5786B /* Extensions.swift in Sources */ = {isa = PBXBuildFile; fileRef = A120E93829CB3BE700A5786B /* Extensions.swift */; };
		A120E93D29CB427C00A5786B /* PostTableViewCell.swift in Sources */ = {isa = PBXBuildFile; fileRef = A120E93C29CB427C00A5786B /* PostTableViewCell.swift */; };
		A14B9AB729D1B8B8002FF37B /* PhotosTableViewCell.swift in Sources */ = {isa = PBXBuildFile; fileRef = A14B9AB629D1B8B8002FF37B /* PhotosTableViewCell.swift */; };
		A14B9AB929D1C470002FF37B /* Photos.swift in Sources */ = {isa = PBXBuildFile; fileRef = A14B9AB829D1C470002FF37B /* Photos.swift */; };
		A14B9ABB29D1DFDA002FF37B /* PhotosCollectionViewCell.swift in Sources */ = {isa = PBXBuildFile; fileRef = A14B9ABA29D1DFDA002FF37B /* PhotosCollectionViewCell.swift */; };
		A14B9ABE29D1F258002FF37B /* PhotosViewController.swift in Sources */ = {isa = PBXBuildFile; fileRef = A14B9ABD29D1F258002FF37B /* PhotosViewController.swift */; };
		A16349E12A02D51100ECD96C /* StorageService.docc in Sources */ = {isa = PBXBuildFile; fileRef = A16349E02A02D51100ECD96C /* StorageService.docc */; };
		A16349EF2A02D51100ECD96C /* StorageService.h in Headers */ = {isa = PBXBuildFile; fileRef = A16349DF2A02D51100ECD96C /* StorageService.h */; settings = {ATTRIBUTES = (Public, ); }; };
		A16349F22A02D51100ECD96C /* StorageService.framework in Frameworks */ = {isa = PBXBuildFile; fileRef = A16349DD2A02D51100ECD96C /* StorageService.framework */; };
		A16349F32A02D51100ECD96C /* StorageService.framework in Embed Frameworks */ = {isa = PBXBuildFile; fileRef = A16349DD2A02D51100ECD96C /* StorageService.framework */; settings = {ATTRIBUTES = (CodeSignOnCopy, RemoveHeadersOnCopy, ); }; };
		A16349FB2A02D52700ECD96C /* Post.swift in Sources */ = {isa = PBXBuildFile; fileRef = A1496EBE29CAF76D003FE60C /* Post.swift */; };
		A186BAB729BA2B1A0045E4C3 /* AppDelegate.swift in Sources */ = {isa = PBXBuildFile; fileRef = A186BAB629BA2B1A0045E4C3 /* AppDelegate.swift */; };
		A186BAB929BA2B1A0045E4C3 /* SceneDelegate.swift in Sources */ = {isa = PBXBuildFile; fileRef = A186BAB829BA2B1A0045E4C3 /* SceneDelegate.swift */; };
		A186BAC029BA2B1B0045E4C3 /* Assets.xcassets in Resources */ = {isa = PBXBuildFile; fileRef = A186BABF29BA2B1B0045E4C3 /* Assets.xcassets */; };
		A186BAC329BA2B1B0045E4C3 /* LaunchScreen.storyboard in Resources */ = {isa = PBXBuildFile; fileRef = A186BAC129BA2B1B0045E4C3 /* LaunchScreen.storyboard */; };
		A186BACB29BA4C9B0045E4C3 /* ProfileViewController.swift in Sources */ = {isa = PBXBuildFile; fileRef = A186BACA29BA4C9B0045E4C3 /* ProfileViewController.swift */; };
		A186BACD29BA4CDE0045E4C3 /* FeedViewController.swift in Sources */ = {isa = PBXBuildFile; fileRef = A186BACC29BA4CDE0045E4C3 /* FeedViewController.swift */; };
		A186BACF29BA5D460045E4C3 /* PostViewController.swift in Sources */ = {isa = PBXBuildFile; fileRef = A186BACE29BA5D460045E4C3 /* PostViewController.swift */; };
		A186BAD129BA99E30045E4C3 /* InfoViewController.swift in Sources */ = {isa = PBXBuildFile; fileRef = A186BAD029BA99E30045E4C3 /* InfoViewController.swift */; };
		A186FD6F29C0887000E3F8E0 /* ProfileTableHederView.swift in Sources */ = {isa = PBXBuildFile; fileRef = A186FD6E29C0887000E3F8E0 /* ProfileTableHederView.swift */; };
		A1DEC7DF29C8969E004E431E /* LogInViewController.swift in Sources */ = {isa = PBXBuildFile; fileRef = A1DEC7DE29C8969E004E431E /* LogInViewController.swift */; };
/* End PBXBuildFile section */

/* Begin PBXContainerItemProxy section */
		A16349F02A02D51100ECD96C /* PBXContainerItemProxy */ = {
			isa = PBXContainerItemProxy;
			containerPortal = A186BAAB29BA2B1A0045E4C3 /* Project object */;
			proxyType = 1;
			remoteGlobalIDString = A16349DC2A02D51100ECD96C;
			remoteInfo = StorageService;
		};
/* End PBXContainerItemProxy section */

/* Begin PBXCopyFilesBuildPhase section */
		A16349F42A02D51100ECD96C /* Embed Frameworks */ = {
			isa = PBXCopyFilesBuildPhase;
			buildActionMask = 2147483647;
			dstPath = "";
			dstSubfolderSpec = 10;
			files = (
				A16349F32A02D51100ECD96C /* StorageService.framework in Embed Frameworks */,
			);
			name = "Embed Frameworks";
			runOnlyForDeploymentPostprocessing = 0;
		};
/* End PBXCopyFilesBuildPhase section */

/* Begin PBXFileReference section */
		A1026DA929DD903A0017D9EE /* PhotoFullViewController.swift */ = {isa = PBXFileReference; lastKnownFileType = sourcecode.swift; path = PhotoFullViewController.swift; sourceTree = "<group>"; };
		A120E93829CB3BE700A5786B /* Extensions.swift */ = {isa = PBXFileReference; lastKnownFileType = sourcecode.swift; path = Extensions.swift; sourceTree = "<group>"; };
		A120E93C29CB427C00A5786B /* PostTableViewCell.swift */ = {isa = PBXFileReference; lastKnownFileType = sourcecode.swift; path = PostTableViewCell.swift; sourceTree = "<group>"; };
		A1496EBE29CAF76D003FE60C /* Post.swift */ = {isa = PBXFileReference; lastKnownFileType = sourcecode.swift; path = Post.swift; sourceTree = "<group>"; };
		A14B9AB629D1B8B8002FF37B /* PhotosTableViewCell.swift */ = {isa = PBXFileReference; lastKnownFileType = sourcecode.swift; path = PhotosTableViewCell.swift; sourceTree = "<group>"; };
		A14B9AB829D1C470002FF37B /* Photos.swift */ = {isa = PBXFileReference; lastKnownFileType = sourcecode.swift; path = Photos.swift; sourceTree = "<group>"; };
		A14B9ABA29D1DFDA002FF37B /* PhotosCollectionViewCell.swift */ = {isa = PBXFileReference; lastKnownFileType = sourcecode.swift; path = PhotosCollectionViewCell.swift; sourceTree = "<group>"; };
		A14B9ABD29D1F258002FF37B /* PhotosViewController.swift */ = {isa = PBXFileReference; lastKnownFileType = sourcecode.swift; path = PhotosViewController.swift; sourceTree = "<group>"; };
		A16349DD2A02D51100ECD96C /* StorageService.framework */ = {isa = PBXFileReference; explicitFileType = wrapper.framework; includeInIndex = 0; path = StorageService.framework; sourceTree = BUILT_PRODUCTS_DIR; };
		A16349DF2A02D51100ECD96C /* StorageService.h */ = {isa = PBXFileReference; lastKnownFileType = sourcecode.c.h; path = StorageService.h; sourceTree = "<group>"; };
		A16349E02A02D51100ECD96C /* StorageService.docc */ = {isa = PBXFileReference; lastKnownFileType = folder.documentationcatalog; path = StorageService.docc; sourceTree = "<group>"; };
		A16349ED2A02D51100ECD96C /* StorageServiceTests.swift */ = {isa = PBXFileReference; lastKnownFileType = sourcecode.swift; path = StorageServiceTests.swift; sourceTree = "<group>"; };
		A186BAB329BA2B1A0045E4C3 /* Navigation.app */ = {isa = PBXFileReference; explicitFileType = wrapper.application; includeInIndex = 0; path = Navigation.app; sourceTree = BUILT_PRODUCTS_DIR; };
		A186BAB629BA2B1A0045E4C3 /* AppDelegate.swift */ = {isa = PBXFileReference; lastKnownFileType = sourcecode.swift; path = AppDelegate.swift; sourceTree = "<group>"; };
		A186BAB829BA2B1A0045E4C3 /* SceneDelegate.swift */ = {isa = PBXFileReference; lastKnownFileType = sourcecode.swift; path = SceneDelegate.swift; sourceTree = "<group>"; };
		A186BABF29BA2B1B0045E4C3 /* Assets.xcassets */ = {isa = PBXFileReference; lastKnownFileType = folder.assetcatalog; path = Assets.xcassets; sourceTree = "<group>"; };
		A186BAC229BA2B1B0045E4C3 /* Base */ = {isa = PBXFileReference; lastKnownFileType = file.storyboard; name = Base; path = Base.lproj/LaunchScreen.storyboard; sourceTree = "<group>"; };
		A186BAC429BA2B1B0045E4C3 /* Info.plist */ = {isa = PBXFileReference; lastKnownFileType = text.plist.xml; path = Info.plist; sourceTree = "<group>"; };
		A186BACA29BA4C9B0045E4C3 /* ProfileViewController.swift */ = {isa = PBXFileReference; lastKnownFileType = sourcecode.swift; path = ProfileViewController.swift; sourceTree = "<group>"; };
		A186BACC29BA4CDE0045E4C3 /* FeedViewController.swift */ = {isa = PBXFileReference; lastKnownFileType = sourcecode.swift; path = FeedViewController.swift; sourceTree = "<group>"; };
		A186BACE29BA5D460045E4C3 /* PostViewController.swift */ = {isa = PBXFileReference; lastKnownFileType = sourcecode.swift; path = PostViewController.swift; sourceTree = "<group>"; };
		A186BAD029BA99E30045E4C3 /* InfoViewController.swift */ = {isa = PBXFileReference; lastKnownFileType = sourcecode.swift; path = InfoViewController.swift; sourceTree = "<group>"; };
		A186FD6E29C0887000E3F8E0 /* ProfileTableHederView.swift */ = {isa = PBXFileReference; lastKnownFileType = sourcecode.swift; path = ProfileTableHederView.swift; sourceTree = "<group>"; };
		A1DEC7DE29C8969E004E431E /* LogInViewController.swift */ = {isa = PBXFileReference; lastKnownFileType = sourcecode.swift; path = LogInViewController.swift; sourceTree = "<group>"; };
/* End PBXFileReference section */

/* Begin PBXFrameworksBuildPhase section */
		A16349DA2A02D51100ECD96C /* Frameworks */ = {
			isa = PBXFrameworksBuildPhase;
			buildActionMask = 2147483647;
			files = (
			);
			runOnlyForDeploymentPostprocessing = 0;
		};
		A186BAB029BA2B1A0045E4C3 /* Frameworks */ = {
			isa = PBXFrameworksBuildPhase;
			buildActionMask = 2147483647;
			files = (
				A16349F22A02D51100ECD96C /* StorageService.framework in Frameworks */,
			);
			runOnlyForDeploymentPostprocessing = 0;
		};
/* End PBXFrameworksBuildPhase section */

/* Begin PBXGroup section */
		A1026DA429DCB6A20017D9EE /* PhotoFullView */ = {
			isa = PBXGroup;
			children = (
				A1026DA929DD903A0017D9EE /* PhotoFullViewController.swift */,
			);
			path = PhotoFullView;
			sourceTree = "<group>";
		};
		A1496EBD29CAF759003FE60C /* Models */ = {
			isa = PBXGroup;
			children = (
				A1496EBE29CAF76D003FE60C /* Post.swift */,
				A14B9AB829D1C470002FF37B /* Photos.swift */,
			);
			path = Models;
			sourceTree = "<group>";
		};
		A14B9ABC29D1F16D002FF37B /* Photos */ = {
			isa = PBXGroup;
			children = (
				A14B9ABA29D1DFDA002FF37B /* PhotosCollectionViewCell.swift */,
				A14B9AB629D1B8B8002FF37B /* PhotosTableViewCell.swift */,
				A14B9ABD29D1F258002FF37B /* PhotosViewController.swift */,
			);
			path = Photos;
			sourceTree = "<group>";
		};
		A16349DE2A02D51100ECD96C /* StorageService */ = {
			isa = PBXGroup;
			children = (
				A16349DF2A02D51100ECD96C /* StorageService.h */,
				A16349E02A02D51100ECD96C /* StorageService.docc */,
			);
			path = StorageService;
			sourceTree = "<group>";
		};
		A16349EC2A02D51100ECD96C /* StorageServiceTests */ = {
			isa = PBXGroup;
			children = (
				A16349ED2A02D51100ECD96C /* StorageServiceTests.swift */,
			);
			path = StorageServiceTests;
			sourceTree = "<group>";
		};
		A186BAAA29BA2B1A0045E4C3 = {
			isa = PBXGroup;
			children = (
				A186BAB529BA2B1A0045E4C3 /* Navigation */,
				A16349DE2A02D51100ECD96C /* StorageService */,
				A16349EC2A02D51100ECD96C /* StorageServiceTests */,
				A186BAB429BA2B1A0045E4C3 /* Products */,
			);
			sourceTree = "<group>";
		};
		A186BAB429BA2B1A0045E4C3 /* Products */ = {
			isa = PBXGroup;
			children = (
				A186BAB329BA2B1A0045E4C3 /* Navigation.app */,
				A16349DD2A02D51100ECD96C /* StorageService.framework */,
			);
			name = Products;
			sourceTree = "<group>";
		};
		A186BAB529BA2B1A0045E4C3 /* Navigation */ = {
			isa = PBXGroup;
			children = (
				A1026DA429DCB6A20017D9EE /* PhotoFullView */,
				A14B9ABC29D1F16D002FF37B /* Photos */,
				A1496EBD29CAF759003FE60C /* Models */,
				A186FD6B29BF82DB00E3F8E0 /* Profile */,
				A186BAB829BA2B1A0045E4C3 /* SceneDelegate.swift */,
				A120E93829CB3BE700A5786B /* Extensions.swift */,
				A186BACC29BA4CDE0045E4C3 /* FeedViewController.swift */,
				A186BACE29BA5D460045E4C3 /* PostViewController.swift */,
				A186BAD029BA99E30045E4C3 /* InfoViewController.swift */,
				A186BAB629BA2B1A0045E4C3 /* AppDelegate.swift */,
				A186BABF29BA2B1B0045E4C3 /* Assets.xcassets */,
				A186BAC129BA2B1B0045E4C3 /* LaunchScreen.storyboard */,
				A186BAC429BA2B1B0045E4C3 /* Info.plist */,
			);
			path = Navigation;
			sourceTree = "<group>";
		};
		A186FD6B29BF82DB00E3F8E0 /* Profile */ = {
			isa = PBXGroup;
			children = (
				A186BACA29BA4C9B0045E4C3 /* ProfileViewController.swift */,
				A186FD6E29C0887000E3F8E0 /* ProfileTableHederView.swift */,
				A1DEC7DE29C8969E004E431E /* LogInViewController.swift */,
				A120E93C29CB427C00A5786B /* PostTableViewCell.swift */,
			);
			path = Profile;
			sourceTree = "<group>";
		};
/* End PBXGroup section */

/* Begin PBXHeadersBuildPhase section */
		A16349D82A02D51100ECD96C /* Headers */ = {
			isa = PBXHeadersBuildPhase;
			buildActionMask = 2147483647;
			files = (
				A16349EF2A02D51100ECD96C /* StorageService.h in Headers */,
			);
			runOnlyForDeploymentPostprocessing = 0;
		};
/* End PBXHeadersBuildPhase section */

/* Begin PBXNativeTarget section */
		A16349DC2A02D51100ECD96C /* StorageService */ = {
			isa = PBXNativeTarget;
			buildConfigurationList = A16349F92A02D51100ECD96C /* Build configuration list for PBXNativeTarget "StorageService" */;
			buildPhases = (
				A16349D82A02D51100ECD96C /* Headers */,
				A16349D92A02D51100ECD96C /* Sources */,
				A16349DA2A02D51100ECD96C /* Frameworks */,
				A16349DB2A02D51100ECD96C /* Resources */,
			);
			buildRules = (
			);
			dependencies = (
			);
			name = StorageService;
			productName = StorageService;
			productReference = A16349DD2A02D51100ECD96C /* StorageService.framework */;
			productType = "com.apple.product-type.framework";
		};
		A186BAB229BA2B1A0045E4C3 /* Navigation */ = {
			isa = PBXNativeTarget;
			buildConfigurationList = A186BAC729BA2B1B0045E4C3 /* Build configuration list for PBXNativeTarget "Navigation" */;
			buildPhases = (
				A186BAAF29BA2B1A0045E4C3 /* Sources */,
				A186BAB029BA2B1A0045E4C3 /* Frameworks */,
				A186BAB129BA2B1A0045E4C3 /* Resources */,
				A16349F42A02D51100ECD96C /* Embed Frameworks */,
			);
			buildRules = (
			);
			dependencies = (
				A16349F12A02D51100ECD96C /* PBXTargetDependency */,
			);
			name = Navigation;
			productName = Navigation;
			productReference = A186BAB329BA2B1A0045E4C3 /* Navigation.app */;
			productType = "com.apple.product-type.application";
		};
/* End PBXNativeTarget section */

/* Begin PBXProject section */
		A186BAAB29BA2B1A0045E4C3 /* Project object */ = {
			isa = PBXProject;
			attributes = {
				BuildIndependentTargetsInParallel = 1;
				LastSwiftUpdateCheck = 1430;
				LastUpgradeCheck = 1420;
				TargetAttributes = {
					A16349DC2A02D51100ECD96C = {
						CreatedOnToolsVersion = 14.3;
					};
					A186BAB229BA2B1A0045E4C3 = {
						CreatedOnToolsVersion = 14.2;
					};
				};
			};
			buildConfigurationList = A186BAAE29BA2B1A0045E4C3 /* Build configuration list for PBXProject "Navigation" */;
			compatibilityVersion = "Xcode 14.0";
			developmentRegion = en;
			hasScannedForEncodings = 0;
			knownRegions = (
				en,
				Base,
			);
			mainGroup = A186BAAA29BA2B1A0045E4C3;
			productRefGroup = A186BAB429BA2B1A0045E4C3 /* Products */;
			projectDirPath = "";
			projectRoot = "";
			targets = (
				A186BAB229BA2B1A0045E4C3 /* Navigation */,
				A16349DC2A02D51100ECD96C /* StorageService */,
			);
		};
/* End PBXProject section */

/* Begin PBXResourcesBuildPhase section */
		A16349DB2A02D51100ECD96C /* Resources */ = {
			isa = PBXResourcesBuildPhase;
			buildActionMask = 2147483647;
			files = (
			);
			runOnlyForDeploymentPostprocessing = 0;
		};
		A186BAB129BA2B1A0045E4C3 /* Resources */ = {
			isa = PBXResourcesBuildPhase;
			buildActionMask = 2147483647;
			files = (
				A186BAC329BA2B1B0045E4C3 /* LaunchScreen.storyboard in Resources */,
				A186BAC029BA2B1B0045E4C3 /* Assets.xcassets in Resources */,
			);
			runOnlyForDeploymentPostprocessing = 0;
		};
/* End PBXResourcesBuildPhase section */

/* Begin PBXSourcesBuildPhase section */
		A16349D92A02D51100ECD96C /* Sources */ = {
			isa = PBXSourcesBuildPhase;
			buildActionMask = 2147483647;
			files = (
				A16349E12A02D51100ECD96C /* StorageService.docc in Sources */,
				A16349FB2A02D52700ECD96C /* Post.swift in Sources */,
			);
			runOnlyForDeploymentPostprocessing = 0;
		};
		A186BAAF29BA2B1A0045E4C3 /* Sources */ = {
			isa = PBXSourcesBuildPhase;
			buildActionMask = 2147483647;
			files = (
				A14B9AB729D1B8B8002FF37B /* PhotosTableViewCell.swift in Sources */,
				A14B9ABB29D1DFDA002FF37B /* PhotosCollectionViewCell.swift in Sources */,
				A120E93D29CB427C00A5786B /* PostTableViewCell.swift in Sources */,
				A186BAB729BA2B1A0045E4C3 /* AppDelegate.swift in Sources */,
				A1026DAA29DD903A0017D9EE /* PhotoFullViewController.swift in Sources */,
				A186BACB29BA4C9B0045E4C3 /* ProfileViewController.swift in Sources */,
				A186BACD29BA4CDE0045E4C3 /* FeedViewController.swift in Sources */,
				A186BAB929BA2B1A0045E4C3 /* SceneDelegate.swift in Sources */,
				A1DEC7DF29C8969E004E431E /* LogInViewController.swift in Sources */,
				A14B9AB929D1C470002FF37B /* Photos.swift in Sources */,
				A14B9ABE29D1F258002FF37B /* PhotosViewController.swift in Sources */,
				A120E93929CB3BE700A5786B /* Extensions.swift in Sources */,
				A186FD6F29C0887000E3F8E0 /* ProfileTableHederView.swift in Sources */,
				A186BAD129BA99E30045E4C3 /* InfoViewController.swift in Sources */,
				A186BACF29BA5D460045E4C3 /* PostViewController.swift in Sources */,
			);
			runOnlyForDeploymentPostprocessing = 0;
		};
/* End PBXSourcesBuildPhase section */

/* Begin PBXTargetDependency section */
		A16349F12A02D51100ECD96C /* PBXTargetDependency */ = {
			isa = PBXTargetDependency;
			target = A16349DC2A02D51100ECD96C /* StorageService */;
			targetProxy = A16349F02A02D51100ECD96C /* PBXContainerItemProxy */;
		};
/* End PBXTargetDependency section */

/* Begin PBXVariantGroup section */
		A186BAC129BA2B1B0045E4C3 /* LaunchScreen.storyboard */ = {
			isa = PBXVariantGroup;
			children = (
				A186BAC229BA2B1B0045E4C3 /* Base */,
			);
			name = LaunchScreen.storyboard;
			sourceTree = "<group>";
		};
/* End PBXVariantGroup section */

/* Begin XCBuildConfiguration section */
		A16349F52A02D51100ECD96C /* Debug */ = {
			isa = XCBuildConfiguration;
			buildSettings = {
				CODE_SIGN_STYLE = Automatic;
				CURRENT_PROJECT_VERSION = 1;
				DEFINES_MODULE = YES;
				DEVELOPMENT_TEAM = FK3UFNNUXF;
				DYLIB_COMPATIBILITY_VERSION = 1;
				DYLIB_CURRENT_VERSION = 1;
				DYLIB_INSTALL_NAME_BASE = "@rpath";
				ENABLE_MODULE_VERIFIER = YES;
				GENERATE_INFOPLIST_FILE = YES;
				INFOPLIST_KEY_NSHumanReadableCopyright = "";
				INSTALL_PATH = "$(LOCAL_LIBRARY_DIR)/Frameworks";
				IPHONEOS_DEPLOYMENT_TARGET = 16.4;
				LD_RUNPATH_SEARCH_PATHS = (
					"$(inherited)",
					"@executable_path/Frameworks",
					"@loader_path/Frameworks",
				);
				MARKETING_VERSION = 1.0;
				MODULE_VERIFIER_SUPPORTED_LANGUAGES = "objective-c objective-c++";
				MODULE_VERIFIER_SUPPORTED_LANGUAGE_STANDARDS = "gnu11 gnu++20";
				PRODUCT_BUNDLE_IDENTIFIER = "leha-som.StorageService";
				PRODUCT_NAME = "$(TARGET_NAME:c99extidentifier)";
				SKIP_INSTALL = YES;
				SWIFT_EMIT_LOC_STRINGS = YES;
				SWIFT_VERSION = 5.0;
				TARGETED_DEVICE_FAMILY = "1,2";
				VERSIONING_SYSTEM = "apple-generic";
				VERSION_INFO_PREFIX = "";
			};
			name = Debug;
		};
		A16349F62A02D51100ECD96C /* Release */ = {
			isa = XCBuildConfiguration;
			buildSettings = {
				CODE_SIGN_STYLE = Automatic;
				CURRENT_PROJECT_VERSION = 1;
				DEFINES_MODULE = YES;
				DEVELOPMENT_TEAM = FK3UFNNUXF;
				DYLIB_COMPATIBILITY_VERSION = 1;
				DYLIB_CURRENT_VERSION = 1;
				DYLIB_INSTALL_NAME_BASE = "@rpath";
				ENABLE_MODULE_VERIFIER = YES;
				GENERATE_INFOPLIST_FILE = YES;
				INFOPLIST_KEY_NSHumanReadableCopyright = "";
				INSTALL_PATH = "$(LOCAL_LIBRARY_DIR)/Frameworks";
				IPHONEOS_DEPLOYMENT_TARGET = 16.4;
				LD_RUNPATH_SEARCH_PATHS = (
					"$(inherited)",
					"@executable_path/Frameworks",
					"@loader_path/Frameworks",
				);
				MARKETING_VERSION = 1.0;
				MODULE_VERIFIER_SUPPORTED_LANGUAGES = "objective-c objective-c++";
				MODULE_VERIFIER_SUPPORTED_LANGUAGE_STANDARDS = "gnu11 gnu++20";
				PRODUCT_BUNDLE_IDENTIFIER = "leha-som.StorageService";
				PRODUCT_NAME = "$(TARGET_NAME:c99extidentifier)";
				SKIP_INSTALL = YES;
				SWIFT_EMIT_LOC_STRINGS = YES;
				SWIFT_VERSION = 5.0;
				TARGETED_DEVICE_FAMILY = "1,2";
				VERSIONING_SYSTEM = "apple-generic";
				VERSION_INFO_PREFIX = "";
			};
			name = Release;
		};
		A186BAC529BA2B1B0045E4C3 /* Debug */ = {
			isa = XCBuildConfiguration;
			buildSettings = {
				ALWAYS_SEARCH_USER_PATHS = NO;
				CLANG_ANALYZER_NONNULL = YES;
				CLANG_ANALYZER_NUMBER_OBJECT_CONVERSION = YES_AGGRESSIVE;
				CLANG_CXX_LANGUAGE_STANDARD = "gnu++20";
				CLANG_ENABLE_MODULES = YES;
				CLANG_ENABLE_OBJC_ARC = YES;
				CLANG_ENABLE_OBJC_WEAK = YES;
				CLANG_WARN_BLOCK_CAPTURE_AUTORELEASING = YES;
				CLANG_WARN_BOOL_CONVERSION = YES;
				CLANG_WARN_COMMA = YES;
				CLANG_WARN_CONSTANT_CONVERSION = YES;
				CLANG_WARN_DEPRECATED_OBJC_IMPLEMENTATIONS = YES;
				CLANG_WARN_DIRECT_OBJC_ISA_USAGE = YES_ERROR;
				CLANG_WARN_DOCUMENTATION_COMMENTS = YES;
				CLANG_WARN_EMPTY_BODY = YES;
				CLANG_WARN_ENUM_CONVERSION = YES;
				CLANG_WARN_INFINITE_RECURSION = YES;
				CLANG_WARN_INT_CONVERSION = YES;
				CLANG_WARN_NON_LITERAL_NULL_CONVERSION = YES;
				CLANG_WARN_OBJC_IMPLICIT_RETAIN_SELF = YES;
				CLANG_WARN_OBJC_LITERAL_CONVERSION = YES;
				CLANG_WARN_OBJC_ROOT_CLASS = YES_ERROR;
				CLANG_WARN_QUOTED_INCLUDE_IN_FRAMEWORK_HEADER = YES;
				CLANG_WARN_RANGE_LOOP_ANALYSIS = YES;
				CLANG_WARN_STRICT_PROTOTYPES = YES;
				CLANG_WARN_SUSPICIOUS_MOVE = YES;
				CLANG_WARN_UNGUARDED_AVAILABILITY = YES_AGGRESSIVE;
				CLANG_WARN_UNREACHABLE_CODE = YES;
				CLANG_WARN__DUPLICATE_METHOD_MATCH = YES;
				COPY_PHASE_STRIP = NO;
				DEBUG_INFORMATION_FORMAT = dwarf;
				ENABLE_STRICT_OBJC_MSGSEND = YES;
				ENABLE_TESTABILITY = YES;
				GCC_C_LANGUAGE_STANDARD = gnu11;
				GCC_DYNAMIC_NO_PIC = NO;
				GCC_NO_COMMON_BLOCKS = YES;
				GCC_OPTIMIZATION_LEVEL = 0;
				GCC_PREPROCESSOR_DEFINITIONS = (
					"DEBUG=1",
					"$(inherited)",
				);
				GCC_WARN_64_TO_32_BIT_CONVERSION = YES;
				GCC_WARN_ABOUT_RETURN_TYPE = YES_ERROR;
				GCC_WARN_UNDECLARED_SELECTOR = YES;
				GCC_WARN_UNINITIALIZED_AUTOS = YES_AGGRESSIVE;
				GCC_WARN_UNUSED_FUNCTION = YES;
				GCC_WARN_UNUSED_VARIABLE = YES;
				IPHONEOS_DEPLOYMENT_TARGET = 16.2;
				MTL_ENABLE_DEBUG_INFO = INCLUDE_SOURCE;
				MTL_FAST_MATH = YES;
				ONLY_ACTIVE_ARCH = YES;
				SDKROOT = iphoneos;
				SWIFT_ACTIVE_COMPILATION_CONDITIONS = DEBUG;
				SWIFT_OPTIMIZATION_LEVEL = "-Onone";
			};
			name = Debug;
		};
		A186BAC629BA2B1B0045E4C3 /* Release */ = {
			isa = XCBuildConfiguration;
			buildSettings = {
				ALWAYS_SEARCH_USER_PATHS = NO;
				CLANG_ANALYZER_NONNULL = YES;
				CLANG_ANALYZER_NUMBER_OBJECT_CONVERSION = YES_AGGRESSIVE;
				CLANG_CXX_LANGUAGE_STANDARD = "gnu++20";
				CLANG_ENABLE_MODULES = YES;
				CLANG_ENABLE_OBJC_ARC = YES;
				CLANG_ENABLE_OBJC_WEAK = YES;
				CLANG_WARN_BLOCK_CAPTURE_AUTORELEASING = YES;
				CLANG_WARN_BOOL_CONVERSION = YES;
				CLANG_WARN_COMMA = YES;
				CLANG_WARN_CONSTANT_CONVERSION = YES;
				CLANG_WARN_DEPRECATED_OBJC_IMPLEMENTATIONS = YES;
				CLANG_WARN_DIRECT_OBJC_ISA_USAGE = YES_ERROR;
				CLANG_WARN_DOCUMENTATION_COMMENTS = YES;
				CLANG_WARN_EMPTY_BODY = YES;
				CLANG_WARN_ENUM_CONVERSION = YES;
				CLANG_WARN_INFINITE_RECURSION = YES;
				CLANG_WARN_INT_CONVERSION = YES;
				CLANG_WARN_NON_LITERAL_NULL_CONVERSION = YES;
				CLANG_WARN_OBJC_IMPLICIT_RETAIN_SELF = YES;
				CLANG_WARN_OBJC_LITERAL_CONVERSION = YES;
				CLANG_WARN_OBJC_ROOT_CLASS = YES_ERROR;
				CLANG_WARN_QUOTED_INCLUDE_IN_FRAMEWORK_HEADER = YES;
				CLANG_WARN_RANGE_LOOP_ANALYSIS = YES;
				CLANG_WARN_STRICT_PROTOTYPES = YES;
				CLANG_WARN_SUSPICIOUS_MOVE = YES;
				CLANG_WARN_UNGUARDED_AVAILABILITY = YES_AGGRESSIVE;
				CLANG_WARN_UNREACHABLE_CODE = YES;
				CLANG_WARN__DUPLICATE_METHOD_MATCH = YES;
				COPY_PHASE_STRIP = NO;
				DEBUG_INFORMATION_FORMAT = "dwarf-with-dsym";
				ENABLE_NS_ASSERTIONS = NO;
				ENABLE_STRICT_OBJC_MSGSEND = YES;
				GCC_C_LANGUAGE_STANDARD = gnu11;
				GCC_NO_COMMON_BLOCKS = YES;
				GCC_WARN_64_TO_32_BIT_CONVERSION = YES;
				GCC_WARN_ABOUT_RETURN_TYPE = YES_ERROR;
				GCC_WARN_UNDECLARED_SELECTOR = YES;
				GCC_WARN_UNINITIALIZED_AUTOS = YES_AGGRESSIVE;
				GCC_WARN_UNUSED_FUNCTION = YES;
				GCC_WARN_UNUSED_VARIABLE = YES;
				IPHONEOS_DEPLOYMENT_TARGET = 16.2;
				MTL_ENABLE_DEBUG_INFO = NO;
				MTL_FAST_MATH = YES;
				SDKROOT = iphoneos;
				SWIFT_COMPILATION_MODE = wholemodule;
				SWIFT_OPTIMIZATION_LEVEL = "-O";
				VALIDATE_PRODUCT = YES;
			};
			name = Release;
		};
		A186BAC829BA2B1B0045E4C3 /* Debug */ = {
			isa = XCBuildConfiguration;
			buildSettings = {
				ALWAYS_EMBED_SWIFT_STANDARD_LIBRARIES = YES;
				ASSETCATALOG_COMPILER_APPICON_NAME = AppIcon;
				ASSETCATALOG_COMPILER_GLOBAL_ACCENT_COLOR_NAME = AccentColor;
				CODE_SIGN_STYLE = Automatic;
				CURRENT_PROJECT_VERSION = 1;
				DEVELOPMENT_TEAM = FK3UFNNUXF;
				GENERATE_INFOPLIST_FILE = YES;
				INFOPLIST_FILE = Navigation/Info.plist;
				INFOPLIST_KEY_UIApplicationSupportsIndirectInputEvents = YES;
				INFOPLIST_KEY_UILaunchStoryboardName = LaunchScreen;
				INFOPLIST_KEY_UIMainStoryboardFile = "";
				INFOPLIST_KEY_UISupportedInterfaceOrientations_iPad = "UIInterfaceOrientationPortrait UIInterfaceOrientationPortraitUpsideDown UIInterfaceOrientationLandscapeLeft UIInterfaceOrientationLandscapeRight";
				INFOPLIST_KEY_UISupportedInterfaceOrientations_iPhone = "UIInterfaceOrientationPortrait UIInterfaceOrientationLandscapeLeft UIInterfaceOrientationLandscapeRight";
				IPHONEOS_DEPLOYMENT_TARGET = 16.4;
				LD_RUNPATH_SEARCH_PATHS = (
					"$(inherited)",
					"@executable_path/Frameworks",
				);
				MARKETING_VERSION = 1.0;
				PRODUCT_BUNDLE_IDENTIFIER = som.Navigation;
				PRODUCT_NAME = "$(TARGET_NAME)";
				SWIFT_EMIT_LOC_STRINGS = YES;
				SWIFT_VERSION = 5.0;
				TARGETED_DEVICE_FAMILY = "1,2";
			};
			name = Debug;
		};
		A186BAC929BA2B1B0045E4C3 /* Release */ = {
			isa = XCBuildConfiguration;
			buildSettings = {
				ALWAYS_EMBED_SWIFT_STANDARD_LIBRARIES = YES;
				ASSETCATALOG_COMPILER_APPICON_NAME = AppIcon;
				ASSETCATALOG_COMPILER_GLOBAL_ACCENT_COLOR_NAME = AccentColor;
				CODE_SIGN_STYLE = Automatic;
				CURRENT_PROJECT_VERSION = 1;
				DEVELOPMENT_TEAM = FK3UFNNUXF;
				GENERATE_INFOPLIST_FILE = YES;
				INFOPLIST_FILE = Navigation/Info.plist;
				INFOPLIST_KEY_UIApplicationSupportsIndirectInputEvents = YES;
				INFOPLIST_KEY_UILaunchStoryboardName = LaunchScreen;
				INFOPLIST_KEY_UIMainStoryboardFile = "";
				INFOPLIST_KEY_UISupportedInterfaceOrientations_iPad = "UIInterfaceOrientationPortrait UIInterfaceOrientationPortraitUpsideDown UIInterfaceOrientationLandscapeLeft UIInterfaceOrientationLandscapeRight";
				INFOPLIST_KEY_UISupportedInterfaceOrientations_iPhone = "UIInterfaceOrientationPortrait UIInterfaceOrientationLandscapeLeft UIInterfaceOrientationLandscapeRight";
				IPHONEOS_DEPLOYMENT_TARGET = 16.4;
				LD_RUNPATH_SEARCH_PATHS = (
					"$(inherited)",
					"@executable_path/Frameworks",
				);
				MARKETING_VERSION = 1.0;
				PRODUCT_BUNDLE_IDENTIFIER = som.Navigation;
				PRODUCT_NAME = "$(TARGET_NAME)";
				SWIFT_EMIT_LOC_STRINGS = YES;
				SWIFT_VERSION = 5.0;
				TARGETED_DEVICE_FAMILY = "1,2";
			};
			name = Release;
		};
/* End XCBuildConfiguration section */

/* Begin XCConfigurationList section */
		A16349F92A02D51100ECD96C /* Build configuration list for PBXNativeTarget "StorageService" */ = {
			isa = XCConfigurationList;
			buildConfigurations = (
				A16349F52A02D51100ECD96C /* Debug */,
				A16349F62A02D51100ECD96C /* Release */,
			);
			defaultConfigurationIsVisible = 0;
			defaultConfigurationName = Release;
		};
		A186BAAE29BA2B1A0045E4C3 /* Build configuration list for PBXProject "Navigation" */ = {
			isa = XCConfigurationList;
			buildConfigurations = (
				A186BAC529BA2B1B0045E4C3 /* Debug */,
				A186BAC629BA2B1B0045E4C3 /* Release */,
			);
			defaultConfigurationIsVisible = 0;
			defaultConfigurationName = Release;
		};
		A186BAC729BA2B1B0045E4C3 /* Build configuration list for PBXNativeTarget "Navigation" */ = {
			isa = XCConfigurationList;
			buildConfigurations = (
				A186BAC829BA2B1B0045E4C3 /* Debug */,
				A186BAC929BA2B1B0045E4C3 /* Release */,
			);
			defaultConfigurationIsVisible = 0;
			defaultConfigurationName = Release;
		};
/* End XCConfigurationList section */
	};
	rootObject = A186BAAB29BA2B1A0045E4C3 /* Project object */;
}
